
Microsoft Visual Studio Solution File, Format Version 12.00
# Visual Studio 2012
Project("{FAE04EC0-301F-11D3-BF4B-00C04F79EFBC}") = "DD1", "DD1\DD1.csproj", "{76D3BCAE-8BE7-4782-B1AA-18F102E5ACFC}"
EndProject
Global
	GlobalSection(SolutionConfigurationPlatforms) = preSolution
		Debug|Any CPU = Debug|Any CPU
		Release|Any CPU = Release|Any CPU
	EndGlobalSection
	GlobalSection(ProjectConfigurationPlatforms) = postSolution
		{76D3BCAE-8BE7-4782-B1AA-18F102E5ACFC}.Debug|Any CPU.ActiveCfg = Debug|Any CPU
		{76D3BCAE-8BE7-4782-B1AA-18F102E5ACFC}.Debug|Any CPU.Build.0 = Debug|Any CPU
		{76D3BCAE-8BE7-4782-B1AA-18F102E5ACFC}.Release|Any CPU.ActiveCfg = Release|Any CPU
		{76D3BCAE-8BE7-4782-B1AA-18F102E5ACFC}.Release|Any CPU.Build.0 = Release|Any CPU
	EndGlobalSection
	GlobalSection(SolutionProperties) = preSolution
		HideSolutionNode = FALSE
	EndGlobalSection
EndGlobal
